
Microsoft Visual Studio Solution File, Format Version 12.00
# Visual Studio Version 17
VisualStudioVersion = 17.5.33516.290
MinimumVisualStudioVersion = 10.0.40219.1
Project("{9A19103F-16F7-4668-BE54-9A1E7A4F7556}") = "WeatherApp.Models", "WeatherApp.Models\WeatherApp.Models.csproj", "{9035053B-5B55-4188-B543-57E653765BD6}"
EndProject
Project("{9A19103F-16F7-4668-BE54-9A1E7A4F7556}") = "WeatherAPIAdapter", "WeatherAPIAdapter\WeatherAPIAdapter.csproj", "{D8B7398F-B148-4A9B-846E-438A39DFA7B9}"
EndProject
Project("{9A19103F-16F7-4668-BE54-9A1E7A4F7556}") = "WeatherApp.Contracts", "Contracts\WeatherApp.Contracts.csproj", "{C9F127A7-BC24-4125-A423-BF84C121FC87}"
EndProject
Project("{2150E333-8FDC-42A3-9474-1A3956D46DE8}") = "Itens de Solução", "Itens de Solução", "{49ED1D7F-A05B-4171-AA2D-9F34804C2F0F}"
	ProjectSection(SolutionItems) = preProject
		.env = .env
		.gitignore = .gitignore
	EndProjectSection
EndProject
Project("{9A19103F-16F7-4668-BE54-9A1E7A4F7556}") = "WeatherForecast", "WeatherForecast\WeatherForecast.csproj", "{D835CC66-3295-470B-88AC-E6C32E7D8B72}"
EndProject
Project("{9A19103F-16F7-4668-BE54-9A1E7A4F7556}") = "WeatherCurrent", "WeatherCurrent\WeatherCurrent.csproj", "{F57C6982-5C3E-4543-8621-AD5AC5232BD6}"
EndProject
Project("{9A19103F-16F7-4668-BE54-9A1E7A4F7556}") = "CityLocation", "CityLocation\CityLocation.csproj", "{EE6D4383-7216-4BA3-9E49-82DF0E6381D6}"
EndProject
Global
	GlobalSection(SolutionConfigurationPlatforms) = preSolution
		Debug|Any CPU = Debug|Any CPU
		Release|Any CPU = Release|Any CPU
	EndGlobalSection
	GlobalSection(ProjectConfigurationPlatforms) = postSolution
		{9035053B-5B55-4188-B543-57E653765BD6}.Debug|Any CPU.ActiveCfg = Debug|Any CPU
		{9035053B-5B55-4188-B543-57E653765BD6}.Debug|Any CPU.Build.0 = Debug|Any CPU
		{9035053B-5B55-4188-B543-57E653765BD6}.Release|Any CPU.ActiveCfg = Release|Any CPU
		{9035053B-5B55-4188-B543-57E653765BD6}.Release|Any CPU.Build.0 = Release|Any CPU
		{D8B7398F-B148-4A9B-846E-438A39DFA7B9}.Debug|Any CPU.ActiveCfg = Debug|Any CPU
		{D8B7398F-B148-4A9B-846E-438A39DFA7B9}.Debug|Any CPU.Build.0 = Debug|Any CPU
		{D8B7398F-B148-4A9B-846E-438A39DFA7B9}.Release|Any CPU.ActiveCfg = Release|Any CPU
		{D8B7398F-B148-4A9B-846E-438A39DFA7B9}.Release|Any CPU.Build.0 = Release|Any CPU
		{C9F127A7-BC24-4125-A423-BF84C121FC87}.Debug|Any CPU.ActiveCfg = Debug|Any CPU
		{C9F127A7-BC24-4125-A423-BF84C121FC87}.Debug|Any CPU.Build.0 = Debug|Any CPU
		{C9F127A7-BC24-4125-A423-BF84C121FC87}.Release|Any CPU.ActiveCfg = Release|Any CPU
		{C9F127A7-BC24-4125-A423-BF84C121FC87}.Release|Any CPU.Build.0 = Release|Any CPU
		{D835CC66-3295-470B-88AC-E6C32E7D8B72}.Debug|Any CPU.ActiveCfg = Debug|Any CPU
		{D835CC66-3295-470B-88AC-E6C32E7D8B72}.Debug|Any CPU.Build.0 = Debug|Any CPU
		{D835CC66-3295-470B-88AC-E6C32E7D8B72}.Release|Any CPU.ActiveCfg = Release|Any CPU
		{D835CC66-3295-470B-88AC-E6C32E7D8B72}.Release|Any CPU.Build.0 = Release|Any CPU
		{F57C6982-5C3E-4543-8621-AD5AC5232BD6}.Debug|Any CPU.ActiveCfg = Debug|Any CPU
		{F57C6982-5C3E-4543-8621-AD5AC5232BD6}.Debug|Any CPU.Build.0 = Debug|Any CPU
		{F57C6982-5C3E-4543-8621-AD5AC5232BD6}.Release|Any CPU.ActiveCfg = Release|Any CPU
		{F57C6982-5C3E-4543-8621-AD5AC5232BD6}.Release|Any CPU.Build.0 = Release|Any CPU
		{EE6D4383-7216-4BA3-9E49-82DF0E6381D6}.Debug|Any CPU.ActiveCfg = Debug|Any CPU
		{EE6D4383-7216-4BA3-9E49-82DF0E6381D6}.Debug|Any CPU.Build.0 = Debug|Any CPU
		{EE6D4383-7216-4BA3-9E49-82DF0E6381D6}.Release|Any CPU.ActiveCfg = Release|Any CPU
		{EE6D4383-7216-4BA3-9E49-82DF0E6381D6}.Release|Any CPU.Build.0 = Release|Any CPU
	EndGlobalSection
	GlobalSection(SolutionProperties) = preSolution
		HideSolutionNode = FALSE
	EndGlobalSection
	GlobalSection(ExtensibilityGlobals) = postSolution
		SolutionGuid = {A93207F3-E08F-4A7D-A559-57FCBDCDBD15}
	EndGlobalSection
EndGlobal
